
Microsoft Visual Studio Solution File, Format Version 12.00
# Visual Studio Version 17
VisualStudioVersion = 17.11.35312.102
MinimumVisualStudioVersion = 10.0.40219.1
Project("{FAE04EC0-301F-11D3-BF4B-00C04F79EFBC}") = "HaftalikOdev2", "HaftalikOdev2\HaftalikOdev2.csproj", "{D260F1B9-530C-443A-9A37-AA6C60ED5B5D}"
EndProject
Global
	GlobalSection(SolutionConfigurationPlatforms) = preSolution
		Debug|Any CPU = Debug|Any CPU
		Release|Any CPU = Release|Any CPU
	EndGlobalSection
	GlobalSection(ProjectConfigurationPlatforms) = postSolution
		{D260F1B9-530C-443A-9A37-AA6C60ED5B5D}.Debug|Any CPU.ActiveCfg = Debug|Any CPU
		{D260F1B9-530C-443A-9A37-AA6C60ED5B5D}.Debug|Any CPU.Build.0 = Debug|Any CPU
		{D260F1B9-530C-443A-9A37-AA6C60ED5B5D}.Release|Any CPU.ActiveCfg = Release|Any CPU
		{D260F1B9-530C-443A-9A37-AA6C60ED5B5D}.Release|Any CPU.Build.0 = Release|Any CPU
	EndGlobalSection
	GlobalSection(SolutionProperties) = preSolution
		HideSolutionNode = FALSE
	EndGlobalSection
	GlobalSection(ExtensibilityGlobals) = postSolution
		SolutionGuid = {CDA3EA52-F603-4152-93E8-1FFA3F688E3D}
	EndGlobalSection
EndGlobal
