
Microsoft Visual Studio Solution File, Format Version 12.00
# Visual Studio Version 17
VisualStudioVersion = 17.11.35312.102
MinimumVisualStudioVersion = 10.0.40219.1
Project("{FAE04EC0-301F-11D3-BF4B-00C04F79EFBC}") = "AsalToplam", "ConsoleApp1\AsalToplam.csproj", "{C0E1260E-BCF5-41D7-80E7-DDB207DBDE9F}"
EndProject
Global
	GlobalSection(SolutionConfigurationPlatforms) = preSolution
		Debug|Any CPU = Debug|Any CPU
		Release|Any CPU = Release|Any CPU
	EndGlobalSection
	GlobalSection(ProjectConfigurationPlatforms) = postSolution
		{C0E1260E-BCF5-41D7-80E7-DDB207DBDE9F}.Debug|Any CPU.ActiveCfg = Debug|Any CPU
		{C0E1260E-BCF5-41D7-80E7-DDB207DBDE9F}.Debug|Any CPU.Build.0 = Debug|Any CPU
		{C0E1260E-BCF5-41D7-80E7-DDB207DBDE9F}.Release|Any CPU.ActiveCfg = Release|Any CPU
		{C0E1260E-BCF5-41D7-80E7-DDB207DBDE9F}.Release|Any CPU.Build.0 = Release|Any CPU
	EndGlobalSection
	GlobalSection(SolutionProperties) = preSolution
		HideSolutionNode = FALSE
	EndGlobalSection
	GlobalSection(ExtensibilityGlobals) = postSolution
		SolutionGuid = {87AA9AC1-E06A-4E8C-9C9F-6C7463CA3647}
	EndGlobalSection
EndGlobal
