
Microsoft Visual Studio Solution File, Format Version 12.00
# Visual Studio Version 17
VisualStudioVersion = 17.11.35312.102
MinimumVisualStudioVersion = 10.0.40219.1
Project("{FAE04EC0-301F-11D3-BF4B-00C04F79EFBC}") = "HaftalikOdev5", "HaftalikOdev5.csproj", "{B1D85760-2645-4797-92DD-29694E53C351}"
EndProject
Global
	GlobalSection(SolutionConfigurationPlatforms) = preSolution
		Debug|Any CPU = Debug|Any CPU
		Release|Any CPU = Release|Any CPU
	EndGlobalSection
	GlobalSection(ProjectConfigurationPlatforms) = postSolution
		{B1D85760-2645-4797-92DD-29694E53C351}.Debug|Any CPU.ActiveCfg = Debug|Any CPU
		{B1D85760-2645-4797-92DD-29694E53C351}.Debug|Any CPU.Build.0 = Debug|Any CPU
		{B1D85760-2645-4797-92DD-29694E53C351}.Release|Any CPU.ActiveCfg = Release|Any CPU
		{B1D85760-2645-4797-92DD-29694E53C351}.Release|Any CPU.Build.0 = Release|Any CPU
	EndGlobalSection
	GlobalSection(SolutionProperties) = preSolution
		HideSolutionNode = FALSE
	EndGlobalSection
	GlobalSection(ExtensibilityGlobals) = postSolution
		SolutionGuid = {73FA9A2F-A545-4279-8E19-178E36A3D486}
	EndGlobalSection
EndGlobal
